PODS:
  - AFNetworking (3.2.1):
    - AFNetworking/NSURLSession (= 3.2.1)
    - AFNetworking/Reachability (= 3.2.1)
    - AFNetworking/Security (= 3.2.1)
    - AFNetworking/Serialization (= 3.2.1)
    - AFNetworking/UIKit (= 3.2.1)
  - AFNetworking/NSURLSession (3.2.1):
    - AFNetworking/Reachability
    - AFNetworking/Security
    - AFNetworking/Serialization
  - AFNetworking/Reachability (3.2.1)
  - AFNetworking/Security (3.2.1)
  - AFNetworking/Serialization (3.2.1)
  - AFNetworking/UIKit (3.2.1):
    - AFNetworking/NSURLSession
  - APModule2 (0.0.5)
  - APModule3 (0.0.6)
  - APSVNModule (0.0.3)
  - Module1 (0.1.9):
    - AFNetworking
    - APModule2

DEPENDENCIES:
  - APModule3
  - APSVNModule
  - Module1

SPEC REPOS:
  https://github.com/cocoapods/specs.git:
    - AFNetworking
  https://github.com/iosApem/APRepo.git:
    - APModule2
    - APModule3
    - APSVNModule
    - Module1

SPEC CHECKSUMS:
  AFNetworking: b6f891fdfaed196b46c7a83cf209e09697b94057
  APModule2: df4b65a590f0c100856891f4b6ca921c2eab646a
  APModule3: c089061f9d95725f75759da0f1cf705d0bdc73ef
  APSVNModule: 5e23ba5ebc4c22c12a04e9af1afc897930375ec1
  Module1: edfe669e7d169edc508be5178ccfdbca0fca49a7

PODFILE CHECKSUM: e74e34ae97147662388e9683d46a28fbec856ab5

COCOAPODS: 1.5.3
